{
  "originHash" : "90a90dc79910bbfff15e47ad069bc66ab72fbc242159c90abee6ab6075b3a799",
  "pins" : [
    {
      "identity" : "unimusic-sync",
      "kind" : "remoteSourceControl",
      "location" : "https://github.com/UniMusic-app/unimusic-sync",
      "state" : {
        "revision" : "0bd0d457923666e234fd73a57de74654338ac38f",
        "version" : "0.1.6"
      }
    }
  ],
  "version" : 3
}
