{
  "originHash" : "4c863dca47c5a8052a2cbb0a3353fa19956a7dd14957160d36f78b7c204e68dd",
  "pins" : [
    {
      "identity" : "chromaswift",
      "kind" : "remoteSourceControl",
      "location" : "https://github.com/wallisch/ChromaSwift",
      "state" : {
        "revision" : "4570630752e5c9a07244df7621888363d287c1c4",
        "version" : "1.2.0"
      }
    },
    {
      "identity" : "unimusic-sync",
      "kind" : "remoteSourceControl",
      "location" : "https://github.com/UniMusic-app/unimusic-sync",
      "state" : {
        "revision" : "e3d5a8cd1003ee2abe1ff4b0273b78592d8eca6a",
        "version" : "0.1.8"
      }
    }
  ],
  "version" : 3
}
